
Microsoft Visual Studio Solution File, Format Version 12.00
# Visual Studio 15
VisualStudioVersion = 15.0.27004.2005
MinimumVisualStudioVersion = 10.0.40219.1
Project("{FAE04EC0-301F-11D3-BF4B-00C04F79EFBC}") = "KhoaLuanTotNghiep", "KhoaLuanTotNghiep\KhoaLuanTotNghiep.csproj", "{FC9466E6-3272-470A-836F-25F8F7E27C82}"
EndProject
Project("{FAE04EC0-301F-11D3-BF4B-00C04F79EFBC}") = "FFRecognizer", "FisherFaceRecognizer\FFRecognizer.csproj", "{47482596-E47B-473A-B521-2A5DB52308AE}"
EndProject
Project("{FAE04EC0-301F-11D3-BF4B-00C04F79EFBC}") = "WindowsForm", "WindowsForm\WindowsForm.csproj", "{01AEEBC6-D08F-4648-8690-4C5C8FCA5BDD}"
EndProject
Global
	GlobalSection(SolutionConfigurationPlatforms) = preSolution
		Debug|Any CPU = Debug|Any CPU
		Release|Any CPU = Release|Any CPU
	EndGlobalSection
	GlobalSection(ProjectConfigurationPlatforms) = postSolution
		{FC9466E6-3272-470A-836F-25F8F7E27C82}.Debug|Any CPU.ActiveCfg = Debug|Any CPU
		{FC9466E6-3272-470A-836F-25F8F7E27C82}.Debug|Any CPU.Build.0 = Debug|Any CPU
		{FC9466E6-3272-470A-836F-25F8F7E27C82}.Release|Any CPU.ActiveCfg = Release|Any CPU
		{FC9466E6-3272-470A-836F-25F8F7E27C82}.Release|Any CPU.Build.0 = Release|Any CPU
		{47482596-E47B-473A-B521-2A5DB52308AE}.Debug|Any CPU.ActiveCfg = Debug|Any CPU
		{47482596-E47B-473A-B521-2A5DB52308AE}.Debug|Any CPU.Build.0 = Debug|Any CPU
		{47482596-E47B-473A-B521-2A5DB52308AE}.Release|Any CPU.ActiveCfg = Release|Any CPU
		{47482596-E47B-473A-B521-2A5DB52308AE}.Release|Any CPU.Build.0 = Release|Any CPU
		{01AEEBC6-D08F-4648-8690-4C5C8FCA5BDD}.Debug|Any CPU.ActiveCfg = Debug|Any CPU
		{01AEEBC6-D08F-4648-8690-4C5C8FCA5BDD}.Debug|Any CPU.Build.0 = Debug|Any CPU
		{01AEEBC6-D08F-4648-8690-4C5C8FCA5BDD}.Release|Any CPU.ActiveCfg = Release|Any CPU
		{01AEEBC6-D08F-4648-8690-4C5C8FCA5BDD}.Release|Any CPU.Build.0 = Release|Any CPU
	EndGlobalSection
	GlobalSection(SolutionProperties) = preSolution
		HideSolutionNode = FALSE
	EndGlobalSection
	GlobalSection(ExtensibilityGlobals) = postSolution
		SolutionGuid = {56885643-3054-43C4-AB5F-3E6222209D71}
	EndGlobalSection
EndGlobal
